
Microsoft Visual Studio Solution File, Format Version 12.00
# Visual Studio Version 17
VisualStudioVersion = 17.8.34330.188
MinimumVisualStudioVersion = 10.0.40219.1
Project("{FAE04EC0-301F-11D3-BF4B-00C04F79EFBC}") = "ConsoleApp2", "ConsoleApp2\ConsoleApp2.csproj", "{EA37581A-E196-40E1-8B75-A992A2D36D90}"
EndProject
Project("{2150E333-8FDC-42A3-9474-1A3956D46DE8}") = "Solution Items", "Solution Items", "{D019C35E-7228-47F7-A844-D2437E9C965F}"
	ProjectSection(SolutionItems) = preProject
		ex 2.cs = ex 2.cs
	EndProjectSection
EndProject
Global
	GlobalSection(SolutionConfigurationPlatforms) = preSolution
		Debug|Any CPU = Debug|Any CPU
		Release|Any CPU = Release|Any CPU
	EndGlobalSection
	GlobalSection(ProjectConfigurationPlatforms) = postSolution
		{EA37581A-E196-40E1-8B75-A992A2D36D90}.Debug|Any CPU.ActiveCfg = Debug|Any CPU
		{EA37581A-E196-40E1-8B75-A992A2D36D90}.Debug|Any CPU.Build.0 = Debug|Any CPU
		{EA37581A-E196-40E1-8B75-A992A2D36D90}.Release|Any CPU.ActiveCfg = Release|Any CPU
		{EA37581A-E196-40E1-8B75-A992A2D36D90}.Release|Any CPU.Build.0 = Release|Any CPU
	EndGlobalSection
	GlobalSection(SolutionProperties) = preSolution
		HideSolutionNode = FALSE
	EndGlobalSection
	GlobalSection(ExtensibilityGlobals) = postSolution
		SolutionGuid = {C4E7D685-A121-4E0C-A02F-2BD0AFF328B3}
	EndGlobalSection
EndGlobal
